// !$*UTF8*$!
{
	archiveVersion = 1;
	classes = {
	};
	objectVersion = 56;
	objects = {

/* Begin PBXBuildFile section */
		6327B6CE2BC28CFF0017CA33 /* Board+Stub.swift in Sources */ = {isa = PBXBuildFile; fileRef = 6327B6CD2BC28CFF0017CA33 /* Board+Stub.swift */; };
		637104B52BDAF18500789028 /* SwiftUIIntrospect in Frameworks */ = {isa = PBXBuildFile; productRef = 637104B42BDAF18500789028 /* SwiftUIIntrospect */; };
		637104B72BDAF18500789028 /* SwiftUIIntrospect-Dynamic in Frameworks */ = {isa = PBXBuildFile; productRef = 637104B62BDAF18500789028 /* SwiftUIIntrospect-Dynamic */; };
		637104B92BDAF18500789028 /* SwiftUIIntrospect-Static in Frameworks */ = {isa = PBXBuildFile; productRef = 637104B82BDAF18500789028 /* SwiftUIIntrospect-Static */; };
		6387B81D2BC29400001ADD59 /* BoardView.swift in Sources */ = {isa = PBXBuildFile; fileRef = 6387B81C2BC29400001ADD59 /* BoardView.swift */; };
		6387B81F2BC29796001ADD59 /* BoardListView.swift in Sources */ = {isa = PBXBuildFile; fileRef = 6387B81E2BC29796001ADD59 /* BoardListView.swift */; };
		6387B8212BC2A24C001ADD59 /* CardView.swift in Sources */ = {isa = PBXBuildFile; fileRef = 6387B8202BC2A24C001ADD59 /* CardView.swift */; };
		639368A32BBEFA6100E52B46 /* BoardList.swift in Sources */ = {isa = PBXBuildFile; fileRef = 639368A22BBEFA6100E52B46 /* BoardList.swift */; };
		639368A72BBEFB1800E52B46 /* Board.swift in Sources */ = {isa = PBXBuildFile; fileRef = 639368A62BBEFB1800E52B46 /* Board.swift */; };
		63BCF2422BDAEB9B00EB0ECD /* View+AlertTextField.swift in Sources */ = {isa = PBXBuildFile; fileRef = 63BCF2412BDAEB9B00EB0ECD /* View+AlertTextField.swift */; };
		63BCF2442BDAEC2F00EB0ECD /* BoardDiskReposity.swift in Sources */ = {isa = PBXBuildFile; fileRef = 63BCF2432BDAEC2F00EB0ECD /* BoardDiskReposity.swift */; };
		63BCF2462BDAEC4E00EB0ECD /* BoardDropDelegate.swift in Sources */ = {isa = PBXBuildFile; fileRef = 63BCF2452BDAEC4E00EB0ECD /* BoardDropDelegate.swift */; };
		63CC57E52BBC315F0028A0B6 /* GorevAtlasi2App.swift in Sources */ = {isa = PBXBuildFile; fileRef = 63CC57E42BBC315F0028A0B6 /* GorevAtlasi2App.swift */; };
		63CC57E72BBC315F0028A0B6 /* ContentView.swift in Sources */ = {isa = PBXBuildFile; fileRef = 63CC57E62BBC315F0028A0B6 /* ContentView.swift */; };
		63CC57E92BBC31600028A0B6 /* Assets.xcassets in Resources */ = {isa = PBXBuildFile; fileRef = 63CC57E82BBC31600028A0B6 /* Assets.xcassets */; };
		63CC57EC2BBC31600028A0B6 /* Preview Assets.xcassets in Resources */ = {isa = PBXBuildFile; fileRef = 63CC57EB2BBC31600028A0B6 /* Preview Assets.xcassets */; };
		63CC57EE2BBC31600028A0B6 /* Persistence.swift in Sources */ = {isa = PBXBuildFile; fileRef = 63CC57ED2BBC31600028A0B6 /* Persistence.swift */; };
		63CC57F12BBC31600028A0B6 /* GorevAtlasi2.xcdatamodeld in Sources */ = {isa = PBXBuildFile; fileRef = 63CC57EF2BBC31600028A0B6 /* GorevAtlasi2.xcdatamodeld */; };
		63CC57F92BBC31D20028A0B6 /* Card.swift in Sources */ = {isa = PBXBuildFile; fileRef = 63CC57F82BBC31D20028A0B6 /* Card.swift */; };
/* End PBXBuildFile section */

/* Begin PBXFileReference section */
		6327B6CC2BC28C740017CA33 /* Info.plist */ = {isa = PBXFileReference; lastKnownFileType = text.plist; path = Info.plist; sourceTree = "<group>"; };
		6327B6CD2BC28CFF0017CA33 /* Board+Stub.swift */ = {isa = PBXFileReference; lastKnownFileType = sourcecode.swift; path = "Board+Stub.swift"; sourceTree = "<group>"; };
		6387B81C2BC29400001ADD59 /* BoardView.swift */ = {isa = PBXFileReference; lastKnownFileType = sourcecode.swift; path = BoardView.swift; sourceTree = "<group>"; };
		6387B81E2BC29796001ADD59 /* BoardListView.swift */ = {isa = PBXFileReference; lastKnownFileType = sourcecode.swift; path = BoardListView.swift; sourceTree = "<group>"; };
		6387B8202BC2A24C001ADD59 /* CardView.swift */ = {isa = PBXFileReference; lastKnownFileType = sourcecode.swift; path = CardView.swift; sourceTree = "<group>"; };
		639368A22BBEFA6100E52B46 /* BoardList.swift */ = {isa = PBXFileReference; lastKnownFileType = sourcecode.swift; path = BoardList.swift; sourceTree = "<group>"; };
		639368A62BBEFB1800E52B46 /* Board.swift */ = {isa = PBXFileReference; lastKnownFileType = sourcecode.swift; path = Board.swift; sourceTree = "<group>"; };
		63BCF2412BDAEB9B00EB0ECD /* View+AlertTextField.swift */ = {isa = PBXFileReference; lastKnownFileType = sourcecode.swift; path = "View+AlertTextField.swift"; sourceTree = "<group>"; };
		63BCF2432BDAEC2F00EB0ECD /* BoardDiskReposity.swift */ = {isa = PBXFileReference; lastKnownFileType = sourcecode.swift; path = BoardDiskReposity.swift; sourceTree = "<group>"; };
		63BCF2452BDAEC4E00EB0ECD /* BoardDropDelegate.swift */ = {isa = PBXFileReference; lastKnownFileType = sourcecode.swift; path = BoardDropDelegate.swift; sourceTree = "<group>"; };
		63CC57E12BBC315F0028A0B6 /* GorevAtlasi2.app */ = {isa = PBXFileReference; explicitFileType = wrapper.application; includeInIndex = 0; path = GorevAtlasi2.app; sourceTree = BUILT_PRODUCTS_DIR; };
		63CC57E42BBC315F0028A0B6 /* GorevAtlasi2App.swift */ = {isa = PBXFileReference; lastKnownFileType = sourcecode.swift; path = GorevAtlasi2App.swift; sourceTree = "<group>"; };
		63CC57E62BBC315F0028A0B6 /* ContentView.swift */ = {isa = PBXFileReference; lastKnownFileType = sourcecode.swift; path = ContentView.swift; sourceTree = "<group>"; };
		63CC57E82BBC31600028A0B6 /* Assets.xcassets */ = {isa = PBXFileReference; lastKnownFileType = folder.assetcatalog; path = Assets.xcassets; sourceTree = "<group>"; };
		63CC57EB2BBC31600028A0B6 /* Preview Assets.xcassets */ = {isa = PBXFileReference; lastKnownFileType = folder.assetcatalog; path = "Preview Assets.xcassets"; sourceTree = "<group>"; };
		63CC57ED2BBC31600028A0B6 /* Persistence.swift */ = {isa = PBXFileReference; lastKnownFileType = sourcecode.swift; path = Persistence.swift; sourceTree = "<group>"; };
		63CC57F02BBC31600028A0B6 /* GorevAtlasi2.xcdatamodel */ = {isa = PBXFileReference; lastKnownFileType = wrapper.xcdatamodel; path = GorevAtlasi2.xcdatamodel; sourceTree = "<group>"; };
		63CC57F82BBC31D20028A0B6 /* Card.swift */ = {isa = PBXFileReference; lastKnownFileType = sourcecode.swift; path = Card.swift; sourceTree = "<group>"; };
/* End PBXFileReference section */

/* Begin PBXFrameworksBuildPhase section */
		63CC57DE2BBC315F0028A0B6 /* Frameworks */ = {
			isa = PBXFrameworksBuildPhase;
			buildActionMask = 2147483647;
			files = (
				637104B52BDAF18500789028 /* SwiftUIIntrospect in Frameworks */,
				637104B72BDAF18500789028 /* SwiftUIIntrospect-Dynamic in Frameworks */,
				637104B92BDAF18500789028 /* SwiftUIIntrospect-Static in Frameworks */,
			);
			runOnlyForDeploymentPostprocessing = 0;
		};
/* End PBXFrameworksBuildPhase section */

/* Begin PBXGroup section */
		6387B8192BC29172001ADD59 /* Views */ = {
			isa = PBXGroup;
			children = (
				6387B81C2BC29400001ADD59 /* BoardView.swift */,
				6387B81E2BC29796001ADD59 /* BoardListView.swift */,
				6387B8202BC2A24C001ADD59 /* CardView.swift */,
				63BCF2412BDAEB9B00EB0ECD /* View+AlertTextField.swift */,
			);
			path = Views;
			sourceTree = "<group>";
		};
		63CC57D82BBC315F0028A0B6 = {
			isa = PBXGroup;
			children = (
				63CC57E32BBC315F0028A0B6 /* GorevAtlasi2 */,
				63CC57E22BBC315F0028A0B6 /* Products */,
			);
			sourceTree = "<group>";
		};
		63CC57E22BBC315F0028A0B6 /* Products */ = {
			isa = PBXGroup;
			children = (
				63CC57E12BBC315F0028A0B6 /* GorevAtlasi2.app */,
			);
			name = Products;
			sourceTree = "<group>";
		};
		63CC57E32BBC315F0028A0B6 /* GorevAtlasi2 */ = {
			isa = PBXGroup;
			children = (
				6327B6CC2BC28C740017CA33 /* Info.plist */,
				63CC57E42BBC315F0028A0B6 /* GorevAtlasi2App.swift */,
				63CC57E62BBC315F0028A0B6 /* ContentView.swift */,
				63CC57E82BBC31600028A0B6 /* Assets.xcassets */,
				63CC57ED2BBC31600028A0B6 /* Persistence.swift */,
				63CC57EF2BBC31600028A0B6 /* GorevAtlasi2.xcdatamodeld */,
				6387B8192BC29172001ADD59 /* Views */,
				63CC57F72BBC31940028A0B6 /* Models */,
				63CC57EA2BBC31600028A0B6 /* Preview Content */,
			);
			path = GorevAtlasi2;
			sourceTree = "<group>";
		};
		63CC57EA2BBC31600028A0B6 /* Preview Content */ = {
			isa = PBXGroup;
			children = (
				63CC57EB2BBC31600028A0B6 /* Preview Assets.xcassets */,
			);
			path = "Preview Content";
			sourceTree = "<group>";
		};
		63CC57F72BBC31940028A0B6 /* Models */ = {
			isa = PBXGroup;
			children = (
				63CC57F82BBC31D20028A0B6 /* Card.swift */,
				639368A22BBEFA6100E52B46 /* BoardList.swift */,
				639368A62BBEFB1800E52B46 /* Board.swift */,
				6327B6CD2BC28CFF0017CA33 /* Board+Stub.swift */,
				63BCF2432BDAEC2F00EB0ECD /* BoardDiskReposity.swift */,
				63BCF2452BDAEC4E00EB0ECD /* BoardDropDelegate.swift */,
			);
			path = Models;
			sourceTree = "<group>";
		};
/* End PBXGroup section */

/* Begin PBXNativeTarget section */
		63CC57E02BBC315F0028A0B6 /* GorevAtlasi2 */ = {
			isa = PBXNativeTarget;
			buildConfigurationList = 63CC57F42BBC31600028A0B6 /* Build configuration list for PBXNativeTarget "GorevAtlasi2" */;
			buildPhases = (
				63CC57DD2BBC315F0028A0B6 /* Sources */,
				63CC57DE2BBC315F0028A0B6 /* Frameworks */,
				63CC57DF2BBC315F0028A0B6 /* Resources */,
			);
			buildRules = (
			);
			dependencies = (
			);
			name = GorevAtlasi2;
			packageProductDependencies = (
				637104B42BDAF18500789028 /* SwiftUIIntrospect */,
				637104B62BDAF18500789028 /* SwiftUIIntrospect-Dynamic */,
				637104B82BDAF18500789028 /* SwiftUIIntrospect-Static */,
			);
			productName = GorevAtlasi2;
			productReference = 63CC57E12BBC315F0028A0B6 /* GorevAtlasi2.app */;
			productType = "com.apple.product-type.application";
		};
/* End PBXNativeTarget section */

/* Begin PBXProject section */
		63CC57D92BBC315F0028A0B6 /* Project object */ = {
			isa = PBXProject;
			attributes = {
				BuildIndependentTargetsInParallel = 1;
				LastSwiftUpdateCheck = 1530;
				LastUpgradeCheck = 1530;
				TargetAttributes = {
					63CC57E02BBC315F0028A0B6 = {
						CreatedOnToolsVersion = 15.3;
					};
				};
			};
			buildConfigurationList = 63CC57DC2BBC315F0028A0B6 /* Build configuration list for PBXProject "GorevAtlasi2" */;
			compatibilityVersion = "Xcode 14.0";
			developmentRegion = en;
			hasScannedForEncodings = 0;
			knownRegions = (
				en,
				Base,
			);
			mainGroup = 63CC57D82BBC315F0028A0B6;
			packageReferences = (
				637104B32BDAF18500789028 /* XCRemoteSwiftPackageReference "SwiftUI-Introspect" */,
			);
			productRefGroup = 63CC57E22BBC315F0028A0B6 /* Products */;
			projectDirPath = "";
			projectRoot = "";
			targets = (
				63CC57E02BBC315F0028A0B6 /* GorevAtlasi2 */,
			);
		};
/* End PBXProject section */

/* Begin PBXResourcesBuildPhase section */
		63CC57DF2BBC315F0028A0B6 /* Resources */ = {
			isa = PBXResourcesBuildPhase;
			buildActionMask = 2147483647;
			files = (
				63CC57EC2BBC31600028A0B6 /* Preview Assets.xcassets in Resources */,
				63CC57E92BBC31600028A0B6 /* Assets.xcassets in Resources */,
			);
			runOnlyForDeploymentPostprocessing = 0;
		};
/* End PBXResourcesBuildPhase section */

/* Begin PBXSourcesBuildPhase section */
		63CC57DD2BBC315F0028A0B6 /* Sources */ = {
			isa = PBXSourcesBuildPhase;
			buildActionMask = 2147483647;
			files = (
				63CC57F12BBC31600028A0B6 /* GorevAtlasi2.xcdatamodeld in Sources */,
				6387B81F2BC29796001ADD59 /* BoardListView.swift in Sources */,
				63CC57EE2BBC31600028A0B6 /* Persistence.swift in Sources */,
				639368A32BBEFA6100E52B46 /* BoardList.swift in Sources */,
				63BCF2462BDAEC4E00EB0ECD /* BoardDropDelegate.swift in Sources */,
				63CC57F92BBC31D20028A0B6 /* Card.swift in Sources */,
				6327B6CE2BC28CFF0017CA33 /* Board+Stub.swift in Sources */,
				639368A72BBEFB1800E52B46 /* Board.swift in Sources */,
				63BCF2422BDAEB9B00EB0ECD /* View+AlertTextField.swift in Sources */,
				6387B81D2BC29400001ADD59 /* BoardView.swift in Sources */,
				63BCF2442BDAEC2F00EB0ECD /* BoardDiskReposity.swift in Sources */,
				63CC57E72BBC315F0028A0B6 /* ContentView.swift in Sources */,
				6387B8212BC2A24C001ADD59 /* CardView.swift in Sources */,
				63CC57E52BBC315F0028A0B6 /* GorevAtlasi2App.swift in Sources */,
			);
			runOnlyForDeploymentPostprocessing = 0;
		};
/* End PBXSourcesBuildPhase section */

/* Begin XCBuildConfiguration section */
		63CC57F22BBC31600028A0B6 /* Debug */ = {
			isa = XCBuildConfiguration;
			buildSettings = {
				ALWAYS_SEARCH_USER_PATHS = NO;
				ASSETCATALOG_COMPILER_GENERATE_SWIFT_ASSET_SYMBOL_EXTENSIONS = YES;
				CLANG_ANALYZER_NONNULL = YES;
				CLANG_ANALYZER_NUMBER_OBJECT_CONVERSION = YES_AGGRESSIVE;
				CLANG_CXX_LANGUAGE_STANDARD = "gnu++20";
				CLANG_ENABLE_MODULES = YES;
				CLANG_ENABLE_OBJC_ARC = YES;
				CLANG_ENABLE_OBJC_WEAK = YES;
				CLANG_WARN_BLOCK_CAPTURE_AUTORELEASING = YES;
				CLANG_WARN_BOOL_CONVERSION = YES;
				CLANG_WARN_COMMA = YES;
				CLANG_WARN_CONSTANT_CONVERSION = YES;
				CLANG_WARN_DEPRECATED_OBJC_IMPLEMENTATIONS = YES;
				CLANG_WARN_DIRECT_OBJC_ISA_USAGE = YES_ERROR;
				CLANG_WARN_DOCUMENTATION_COMMENTS = YES;
				CLANG_WARN_EMPTY_BODY = YES;
				CLANG_WARN_ENUM_CONVERSION = YES;
				CLANG_WARN_INFINITE_RECURSION = YES;
				CLANG_WARN_INT_CONVERSION = YES;
				CLANG_WARN_NON_LITERAL_NULL_CONVERSION = YES;
				CLANG_WARN_OBJC_IMPLICIT_RETAIN_SELF = YES;
				CLANG_WARN_OBJC_LITERAL_CONVERSION = YES;
				CLANG_WARN_OBJC_ROOT_CLASS = YES_ERROR;
				CLANG_WARN_QUOTED_INCLUDE_IN_FRAMEWORK_HEADER = YES;
				CLANG_WARN_RANGE_LOOP_ANALYSIS = YES;
				CLANG_WARN_STRICT_PROTOTYPES = YES;
				CLANG_WARN_SUSPICIOUS_MOVE = YES;
				CLANG_WARN_UNGUARDED_AVAILABILITY = YES_AGGRESSIVE;
				CLANG_WARN_UNREACHABLE_CODE = YES;
				CLANG_WARN__DUPLICATE_METHOD_MATCH = YES;
				COPY_PHASE_STRIP = NO;
				DEBUG_INFORMATION_FORMAT = dwarf;
				ENABLE_STRICT_OBJC_MSGSEND = YES;
				ENABLE_TESTABILITY = YES;
				ENABLE_USER_SCRIPT_SANDBOXING = YES;
				GCC_C_LANGUAGE_STANDARD = gnu17;
				GCC_DYNAMIC_NO_PIC = NO;
				GCC_NO_COMMON_BLOCKS = YES;
				GCC_OPTIMIZATION_LEVEL = 0;
				GCC_PREPROCESSOR_DEFINITIONS = (
					"DEBUG=1",
					"$(inherited)",
				);
				GCC_WARN_64_TO_32_BIT_CONVERSION = YES;
				GCC_WARN_ABOUT_RETURN_TYPE = YES_ERROR;
				GCC_WARN_UNDECLARED_SELECTOR = YES;
				GCC_WARN_UNINITIALIZED_AUTOS = YES_AGGRESSIVE;
				GCC_WARN_UNUSED_FUNCTION = YES;
				GCC_WARN_UNUSED_VARIABLE = YES;
				IPHONEOS_DEPLOYMENT_TARGET = 17.4;
				LOCALIZATION_PREFERS_STRING_CATALOGS = YES;
				MTL_ENABLE_DEBUG_INFO = INCLUDE_SOURCE;
				MTL_FAST_MATH = YES;
				ONLY_ACTIVE_ARCH = YES;
				SDKROOT = iphoneos;
				SWIFT_ACTIVE_COMPILATION_CONDITIONS = "DEBUG $(inherited)";
				SWIFT_OPTIMIZATION_LEVEL = "-Onone";
			};
			name = Debug;
		};
		63CC57F32BBC31600028A0B6 /* Release */ = {
			isa = XCBuildConfiguration;
			buildSettings = {
				ALWAYS_SEARCH_USER_PATHS = NO;
				ASSETCATALOG_COMPILER_GENERATE_SWIFT_ASSET_SYMBOL_EXTENSIONS = YES;
				CLANG_ANALYZER_NONNULL = YES;
				CLANG_ANALYZER_NUMBER_OBJECT_CONVERSION = YES_AGGRESSIVE;
				CLANG_CXX_LANGUAGE_STANDARD = "gnu++20";
				CLANG_ENABLE_MODULES = YES;
				CLANG_ENABLE_OBJC_ARC = YES;
				CLANG_ENABLE_OBJC_WEAK = YES;
				CLANG_WARN_BLOCK_CAPTURE_AUTORELEASING = YES;
				CLANG_WARN_BOOL_CONVERSION = YES;
				CLANG_WARN_COMMA = YES;
				CLANG_WARN_CONSTANT_CONVERSION = YES;
				CLANG_WARN_DEPRECATED_OBJC_IMPLEMENTATIONS = YES;
				CLANG_WARN_DIRECT_OBJC_ISA_USAGE = YES_ERROR;
				CLANG_WARN_DOCUMENTATION_COMMENTS = YES;
				CLANG_WARN_EMPTY_BODY = YES;
				CLANG_WARN_ENUM_CONVERSION = YES;
				CLANG_WARN_INFINITE_RECURSION = YES;
				CLANG_WARN_INT_CONVERSION = YES;
				CLANG_WARN_NON_LITERAL_NULL_CONVERSION = YES;
				CLANG_WARN_OBJC_IMPLICIT_RETAIN_SELF = YES;
				CLANG_WARN_OBJC_LITERAL_CONVERSION = YES;
				CLANG_WARN_OBJC_ROOT_CLASS = YES_ERROR;
				CLANG_WARN_QUOTED_INCLUDE_IN_FRAMEWORK_HEADER = YES;
				CLANG_WARN_RANGE_LOOP_ANALYSIS = YES;
				CLANG_WARN_STRICT_PROTOTYPES = YES;
				CLANG_WARN_SUSPICIOUS_MOVE = YES;
				CLANG_WARN_UNGUARDED_AVAILABILITY = YES_AGGRESSIVE;
				CLANG_WARN_UNREACHABLE_CODE = YES;
				CLANG_WARN__DUPLICATE_METHOD_MATCH = YES;
				COPY_PHASE_STRIP = NO;
				DEBUG_INFORMATION_FORMAT = "dwarf-with-dsym";
				ENABLE_NS_ASSERTIONS = NO;
				ENABLE_STRICT_OBJC_MSGSEND = YES;
				ENABLE_USER_SCRIPT_SANDBOXING = YES;
				GCC_C_LANGUAGE_STANDARD = gnu17;
				GCC_NO_COMMON_BLOCKS = YES;
				GCC_WARN_64_TO_32_BIT_CONVERSION = YES;
				GCC_WARN_ABOUT_RETURN_TYPE = YES_ERROR;
				GCC_WARN_UNDECLARED_SELECTOR = YES;
				GCC_WARN_UNINITIALIZED_AUTOS = YES_AGGRESSIVE;
				GCC_WARN_UNUSED_FUNCTION = YES;
				GCC_WARN_UNUSED_VARIABLE = YES;
				IPHONEOS_DEPLOYMENT_TARGET = 17.4;
				LOCALIZATION_PREFERS_STRING_CATALOGS = YES;
				MTL_ENABLE_DEBUG_INFO = NO;
				MTL_FAST_MATH = YES;
				SDKROOT = iphoneos;
				SWIFT_COMPILATION_MODE = wholemodule;
				VALIDATE_PRODUCT = YES;
			};
			name = Release;
		};
		63CC57F52BBC31600028A0B6 /* Debug */ = {
			isa = XCBuildConfiguration;
			buildSettings = {
				ASSETCATALOG_COMPILER_APPICON_NAME = AppIcon;
				ASSETCATALOG_COMPILER_GLOBAL_ACCENT_COLOR_NAME = AccentColor;
				CODE_SIGN_STYLE = Automatic;
				CURRENT_PROJECT_VERSION = 1;
				DEVELOPMENT_ASSET_PATHS = "\"GorevAtlasi2/Preview Content\"";
				DEVELOPMENT_TEAM = RYS42CKKUW;
				ENABLE_PREVIEWS = YES;
				GENERATE_INFOPLIST_FILE = YES;
				INFOPLIST_FILE = GorevAtlasi2/Info.plist;
				INFOPLIST_KEY_UIApplicationSceneManifest_Generation = YES;
				INFOPLIST_KEY_UIApplicationSupportsIndirectInputEvents = YES;
				INFOPLIST_KEY_UILaunchScreen_Generation = YES;
				INFOPLIST_KEY_UISupportedInterfaceOrientations_iPad = "UIInterfaceOrientationPortrait UIInterfaceOrientationPortraitUpsideDown UIInterfaceOrientationLandscapeLeft UIInterfaceOrientationLandscapeRight";
				INFOPLIST_KEY_UISupportedInterfaceOrientations_iPhone = "UIInterfaceOrientationPortrait UIInterfaceOrientationLandscapeLeft UIInterfaceOrientationLandscapeRight";
				LD_RUNPATH_SEARCH_PATHS = (
					"$(inherited)",
					"@executable_path/Frameworks",
				);
				MARKETING_VERSION = 1.0;
				PRODUCT_BUNDLE_IDENTIFIER = com.zehraoner.GorevAtlasi2;
				PRODUCT_NAME = "$(TARGET_NAME)";
				SWIFT_EMIT_LOC_STRINGS = YES;
				SWIFT_VERSION = 5.0;
				TARGETED_DEVICE_FAMILY = "1,2";
			};
			name = Debug;
		};
		63CC57F62BBC31600028A0B6 /* Release */ = {
			isa = XCBuildConfiguration;
			buildSettings = {
				ASSETCATALOG_COMPILER_APPICON_NAME = AppIcon;
				ASSETCATALOG_COMPILER_GLOBAL_ACCENT_COLOR_NAME = AccentColor;
				CODE_SIGN_STYLE = Automatic;
				CURRENT_PROJECT_VERSION = 1;
				DEVELOPMENT_ASSET_PATHS = "\"GorevAtlasi2/Preview Content\"";
				DEVELOPMENT_TEAM = RYS42CKKUW;
				ENABLE_PREVIEWS = YES;
				GENERATE_INFOPLIST_FILE = YES;
				INFOPLIST_FILE = GorevAtlasi2/Info.plist;
				INFOPLIST_KEY_UIApplicationSceneManifest_Generation = YES;
				INFOPLIST_KEY_UIApplicationSupportsIndirectInputEvents = YES;
				INFOPLIST_KEY_UILaunchScreen_Generation = YES;
				INFOPLIST_KEY_UISupportedInterfaceOrientations_iPad = "UIInterfaceOrientationPortrait UIInterfaceOrientationPortraitUpsideDown UIInterfaceOrientationLandscapeLeft UIInterfaceOrientationLandscapeRight";
				INFOPLIST_KEY_UISupportedInterfaceOrientations_iPhone = "UIInterfaceOrientationPortrait UIInterfaceOrientationLandscapeLeft UIInterfaceOrientationLandscapeRight";
				LD_RUNPATH_SEARCH_PATHS = (
					"$(inherited)",
					"@executable_path/Frameworks",
				);
				MARKETING_VERSION = 1.0;
				PRODUCT_BUNDLE_IDENTIFIER = com.zehraoner.GorevAtlasi2;
				PRODUCT_NAME = "$(TARGET_NAME)";
				SWIFT_EMIT_LOC_STRINGS = YES;
				SWIFT_VERSION = 5.0;
				TARGETED_DEVICE_FAMILY = "1,2";
			};
			name = Release;
		};
/* End XCBuildConfiguration section */

/* Begin XCConfigurationList section */
		63CC57DC2BBC315F0028A0B6 /* Build configuration list for PBXProject "GorevAtlasi2" */ = {
			isa = XCConfigurationList;
			buildConfigurations = (
				63CC57F22BBC31600028A0B6 /* Debug */,
				63CC57F32BBC31600028A0B6 /* Release */,
			);
			defaultConfigurationIsVisible = 0;
			defaultConfigurationName = Release;
		};
		63CC57F42BBC31600028A0B6 /* Build configuration list for PBXNativeTarget "GorevAtlasi2" */ = {
			isa = XCConfigurationList;
			buildConfigurations = (
				63CC57F52BBC31600028A0B6 /* Debug */,
				63CC57F62BBC31600028A0B6 /* Release */,
			);
			defaultConfigurationIsVisible = 0;
			defaultConfigurationName = Release;
		};
/* End XCConfigurationList section */

/* Begin XCRemoteSwiftPackageReference section */
		637104B32BDAF18500789028 /* XCRemoteSwiftPackageReference "SwiftUI-Introspect" */ = {
			isa = XCRemoteSwiftPackageReference;
			repositoryURL = "https://github.com/siteline/SwiftUI-Introspect.git";
			requirement = {
				branch = master;
				kind = branch;
			};
		};
/* End XCRemoteSwiftPackageReference section */

/* Begin XCSwiftPackageProductDependency section */
		637104B42BDAF18500789028 /* SwiftUIIntrospect */ = {
			isa = XCSwiftPackageProductDependency;
			package = 637104B32BDAF18500789028 /* XCRemoteSwiftPackageReference "SwiftUI-Introspect" */;
			productName = SwiftUIIntrospect;
		};
		637104B62BDAF18500789028 /* SwiftUIIntrospect-Dynamic */ = {
			isa = XCSwiftPackageProductDependency;
			package = 637104B32BDAF18500789028 /* XCRemoteSwiftPackageReference "SwiftUI-Introspect" */;
			productName = "SwiftUIIntrospect-Dynamic";
		};
		637104B82BDAF18500789028 /* SwiftUIIntrospect-Static */ = {
			isa = XCSwiftPackageProductDependency;
			package = 637104B32BDAF18500789028 /* XCRemoteSwiftPackageReference "SwiftUI-Introspect" */;
			productName = "SwiftUIIntrospect-Static";
		};
/* End XCSwiftPackageProductDependency section */

/* Begin XCVersionGroup section */
		63CC57EF2BBC31600028A0B6 /* GorevAtlasi2.xcdatamodeld */ = {
			isa = XCVersionGroup;
			children = (
				63CC57F02BBC31600028A0B6 /* GorevAtlasi2.xcdatamodel */,
			);
			currentVersion = 63CC57F02BBC31600028A0B6 /* GorevAtlasi2.xcdatamodel */;
			path = GorevAtlasi2.xcdatamodeld;
			sourceTree = "<group>";
			versionGroupType = wrapper.xcdatamodel;
		};
/* End XCVersionGroup section */
	};
	rootObject = 63CC57D92BBC315F0028A0B6 /* Project object */;
}
